{
    "_readme": [
        "This file locks the dependencies of your project to a known state",
        "Read more about it at https://getcomposer.org/doc/01-basic-usage.md#installing-dependencies",
        "This file is @generated automatically"
    ],
    "content-hash": "abcdefghijklmn",
    "packages": [
        {
            "name": "phpoffice/phpspreadsheet",
            "version": "1.18.0",
            "source": {
                "type": "git",
                "url": "https://github.com/PHPOffice/PhpSpreadsheet.git",
                "reference": "abcdefghijk"
            },
            "dist": {
                "type": "zip",
                "url": "https://api.github.com/repos/PHPOffice/PhpSpreadsheet/zipball/abcdefghijk",
                "reference": "abcdefghijk",
                "shasum": "abcdefghijklmn"
            },
            "require": {
                "ext-dom": "*",
                "ext-gd": "*",
                "ext-iconv": "*",
                "ext-xml": "*"
            },
            "require-dev": {
                "ext-curl": "*",
                "ext-ctype": "*",
                "ext-fileinfo": "*",
                "ext-ftp": "*",
                "ext-gd": "*",
                "ext-iconv": "*",
                "ext-json": "*",
                "ext-libxml": "*",
                "ext-mbstring": "*",
                "ext-openssl": "*",
                "ext-pcre": "*",
                "ext-simplexml": "*",
                "ext-xml": "*",
                "ext-xmlreader": "*",
                "ext-xmlwriter": "*",
                "ext-zip": "*"
            },
            "suggest": {
                "ext-ctype": "For best performance",
                "ext-gd": "For image processing",
                "ext-mbstring": "For UTF-8 support",
                "ext-xml": "For handling XML"
            },
            "type": "library",
            "extra": {
                "branch-alias": {
                    "dev-master": "1.18-dev"
                }
            },
            "autoload": {
                "psr-4": {
                    "PhpOffice\\PhpSpreadsheet\\": "src/PhpSpreadsheet"
                }
            },
            "notification-url": "https://packagist.org/downloads/",
            "license": [
                "MIT"
            ],
            "description": "A pure PHP library for reading and writing spreadsheet files",
            "homepage": "https://github.com/PHPOffice/PhpSpreadsheet",
            "keywords": [
                "excel",
                "xls",
                "xlsx",
                "ods",
                "gnumeric",
                "spreadsheet"
            ]
        }
    ],
    "packages-dev": [],
    "aliases": [],
    "minimum-stability": "stable",
    "stability-flags": [],
    "prefer-stable": true,
    "prefer-lowest": false,
    "platform": [],
    "platform-dev": []
}
